<?xml version="1.0" encoding="utf-8"?>
<Project ToolsVersion="4.0" xmlns="http://schemas.microsoft.com/developer/msbuild/2003">
  <ItemGroup>
    <Filter Include="Source Files">
      <UniqueIdentifier>{4FC737F1-C7A5-4376-A066-2A32D752A2FF}</UniqueIdentifier>
      <Extensions>cpp;c;cc;cxx;c++;cppm;ixx;def;odl;idl;hpj;bat;asm;asmx</Extensions>
    </Filter>
    <Filter Include="Header Files">
      <UniqueIdentifier>{93995380-89BD-4b04-88EB-625FBE52EBFB}</UniqueIdentifier>
      <Extensions>h;hh;hpp;hxx;h++;hm;inl;inc;ipp;xsd</Extensions>
    </Filter>
    <Filter Include="Resource Files">
      <UniqueIdentifier>{67DA6AB6-F800-4c08-8B7A-83BB121AAD01}</UniqueIdentifier>
      <Extensions>rc;ico;cur;bmp;dlg;rc2;rct;bin;rgs;gif;jpg;jpeg;jpe;resx;tiff;tif;png;wav;mfcribbon-ms</Extensions>
    </Filter>
    <Filter Include="Header Files\Screen">
      <UniqueIdentifier>{c6baded0-203e-4885-86c3-b94b0fc42ab3}</UniqueIdentifier>
    </Filter>
    <Filter Include="Source Files\Screen">
      <UniqueIdentifier>{32af3eed-4851-4920-8be9-b2cc028f9b2a}</UniqueIdentifier>
    </Filter>
    <Filter Include="Source Files\Scene">
      <UniqueIdentifier>{a3114cd6-bdb1-4620-b2c4-00c023ffda8e}</UniqueIdentifier>
    </Filter>
    <Filter Include="Header Files\Scene">
      <UniqueIdentifier>{cfc1f967-4cce-4ec6-a39c-7e317adedf22}</UniqueIdentifier>
    </Filter>
    <Filter Include="Header Files\Resource Management">
      <UniqueIdentifier>{187f96c5-18c3-409d-8e29-eab3eb8e75e7}</UniqueIdentifier>
    </Filter>
    <Filter Include="Source Files\Resource Management">
      <UniqueIdentifier>{3a3af5c7-18ac-41d3-994a-7fb02d8becc1}</UniqueIdentifier>
    </Filter>
    <Filter Include="Notes">
      <UniqueIdentifier>{5b9800a6-3dfc-4b3a-9725-567409ff9183}</UniqueIdentifier>
    </Filter>
    <Filter Include="Header Files\Entity">
      <UniqueIdentifier>{22beecfe-4413-4446-b2d4-06db71e8e2df}</UniqueIdentifier>
    </Filter>
    <Filter Include="Source Files\Entity">
      <UniqueIdentifier>{99d5f79f-7abc-4f6d-82c0-11ff5aebe2b6}</UniqueIdentifier>
    </Filter>
    <Filter Include="Header Files\Helper">
      <UniqueIdentifier>{0f4547cb-b36f-429e-99f6-1f71327a385b}</UniqueIdentifier>
    </Filter>
  </ItemGroup>
  <ItemGroup>
    <ClCompile Include="tmxParser.cpp">
      <Filter>Source Files</Filter>
    </ClCompile>
    <ClCompile Include="tinyxml2.cpp">
      <Filter>Source Files</Filter>
    </ClCompile>
    <ClCompile Include="cGraphics.cpp">
      <Filter>Source Files</Filter>
    </ClCompile>
    <ClCompile Include="main.cpp">
      <Filter>Source Files</Filter>
    </ClCompile>
    <ClCompile Include="cTile.cpp">
      <Filter>Source Files</Filter>
    </ClCompile>
    <ClCompile Include="cMap.cpp">
      <Filter>Source Files</Filter>
    </ClCompile>
    <ClCompile Include="cScreen.cpp">
      <Filter>Source Files\Screen</Filter>
    </ClCompile>
    <ClCompile Include="cGameScreen.cpp">
      <Filter>Source Files\Screen</Filter>
    </ClCompile>
    <ClCompile Include="cGameScene.cpp">
      <Filter>Source Files\Scene</Filter>
    </ClCompile>
    <ClCompile Include="cTimer.cpp">
      <Filter>Source Files</Filter>
    </ClCompile>
    <ClCompile Include="cMapResManager.cpp">
      <Filter>Source Files\Resource Management</Filter>
    </ClCompile>
    <ClCompile Include="SDL_FontCache.c">
      <Filter>Source Files</Filter>
    </ClCompile>
    <ClCompile Include="cAIController.cpp">
      <Filter>Source Files</Filter>
    </ClCompile>
    <ClCompile Include="cEntity.cpp">
      <Filter>Source Files\Entity</Filter>
    </ClCompile>
    <ClCompile Include="cMerchant.cpp">
      <Filter>Source Files\Entity</Filter>
    </ClCompile>
    <ClCompile Include="cItem.cpp">
      <Filter>Source Files</Filter>
    </ClCompile>
    <ClCompile Include="cItemFactory.cpp">
      <Filter>Source Files\Resource Management</Filter>
    </ClCompile>
    <ClCompile Include="cMerchantController.cpp">
      <Filter>Source Files</Filter>
    </ClCompile>
  </ItemGroup>
  <ItemGroup>
    <ClInclude Include="tinyxml2.h">
      <Filter>Header Files</Filter>
    </ClInclude>
    <ClInclude Include="cGraphics.h">
      <Filter>Header Files</Filter>
    </ClInclude>
    <ClInclude Include="DebugTool.h">
      <Filter>Header Files</Filter>
    </ClInclude>
    <ClInclude Include="cTile.h">
      <Filter>Header Files</Filter>
    </ClInclude>
    <ClInclude Include="cMap.h">
      <Filter>Header Files</Filter>
    </ClInclude>
    <ClInclude Include="cScreen.h">
      <Filter>Header Files\Screen</Filter>
    </ClInclude>
    <ClInclude Include="cGameScreen.h">
      <Filter>Header Files\Screen</Filter>
    </ClInclude>
    <ClInclude Include="cScene.h">
      <Filter>Header Files\Scene</Filter>
    </ClInclude>
    <ClInclude Include="cGameScene.h">
      <Filter>Header Files\Scene</Filter>
    </ClInclude>
    <ClInclude Include="cTimer.h">
      <Filter>Header Files</Filter>
    </ClInclude>
    <ClInclude Include="cMapResManager.h">
      <Filter>Header Files\Resource Management</Filter>
    </ClInclude>
    <ClInclude Include="SDL_FontCache.h">
      <Filter>Header Files</Filter>
    </ClInclude>
    <ClInclude Include="GameSceneConfig.h">
      <Filter>Header Files\Scene</Filter>
    </ClInclude>
    <ClInclude Include="cEntity.h">
      <Filter>Header Files\Entity</Filter>
    </ClInclude>
    <ClInclude Include="cPlayer.h">
      <Filter>Header Files\Entity</Filter>
    </ClInclude>
    <ClInclude Include="cItem.h">
      <Filter>Header Files</Filter>
    </ClInclude>
    <ClInclude Include="cMonsterOrc.h">
      <Filter>Header Files\Entity</Filter>
    </ClInclude>
    <ClInclude Include="cAIController.h">
      <Filter>Header Files</Filter>
    </ClInclude>
    <ClInclude Include="cMerchant.h">
      <Filter>Header Files\Entity</Filter>
    </ClInclude>
    <ClInclude Include="Parameters.h">
      <Filter>Header Files\Helper</Filter>
    </ClInclude>
    <ClInclude Include="math.h">
      <Filter>Header Files\Helper</Filter>
    </ClInclude>
    <ClInclude Include="cItemFactory.h">
      <Filter>Header Files\Resource Management</Filter>
    </ClInclude>
    <ClInclude Include="cMerchantController.h">
      <Filter>Header Files</Filter>
    </ClInclude>
  </ItemGroup>
  <ItemGroup>
    <None Include="..\x64\Debug\map01_Solace.tmx">
      <Filter>Resource Files</Filter>
    </None>
    <None Include="notes.md">
      <Filter>Notes</Filter>
    </None>
    <None Include="..\x64\Debug\map02_Merchants.tmx">
      <Filter>Resource Files</Filter>
    </None>
  </ItemGroup>
  <ItemGroup>
    <Image Include="..\Notes\FOV_Notes_00.jpg">
      <Filter>Notes</Filter>
    </Image>
  </ItemGroup>
</Project>